{
  "lockfile_version": "1",
  "engine": ">=0.1,<0.2",
  "packs": [
    {
      "id": "agent-discipline",
      "version": "0.0.1",
      "managed": false,
      "sha256": "ec930ee2abd4de6717bc0ff71ad22e9d54610970346a9e4ca6d617c1456da956",
      "source": "local",
      "artifacts_sha256": "df7dcb3f795b87fde8b0995eb1f84ed36620ccea56b5581be9deb40d7cb60e68"
    },
    {
      "id": "block-destructive-commands",
      "version": "0.0.1",
      "managed": false,
      "sha256": "ba1108ffdfce230bf66ee9d83a71c46cddb7d7c995759d4daee987439107afc6",
      "source": "local",
      "artifacts_sha256": "4a6e2049781696c7111ac99333efc71b85308b71b329ecd05a2b2f8b5ffdcc9c"
    },
    {
      "id": "block-invisible-unicode",
      "version": "0.0.1",
      "managed": false,
      "sha256": "bc91b8805d38ab92649b5eb69cf7a40c311ad86263ba343935ba4a5a4c3a8d3e",
      "source": "local",
      "artifacts_sha256": "9b92f04913f3aaa206f48ec3832fc5ba6669d797dfc8a8fb3c6a3d4c2bc27189"
    },
    {
      "id": "block-no-verify",
      "version": "0.0.1",
      "managed": false,
      "sha256": "67c7a06a6676eb0ecc8f929dbdf8fc181ead721c8aa7b6e0f29e1757fdfbb3ff",
      "source": "local",
      "artifacts_sha256": "37f633ac5859acf1394ef78203ac7ebc4efa64b3f8387b791ff0648894d1f1a7"
    },
    {
      "id": "block-wildcard-agent-permissions",
      "version": "0.0.1",
      "managed": false,
      "sha256": "123c2f3a5c286c2677f00e0ac93cef75c4604e84a1af2464fb89c91b0575aed4",
      "source": "local",
      "artifacts_sha256": "31cb6ecf602628ee4419f4ee5ef6eb298a3bc070ba94935f823e705a452716d4"
    },
    {
      "id": "code-safety",
      "version": "0.0.1",
      "managed": false,
      "sha256": "e2f96ed16c4e714fe7c062418953335f357025eda12ffc651c74554ed27dbc8c",
      "source": "local",
      "artifacts_sha256": "e94db722b253b96a68a6629fb822abc19ec7d8b465fc4bc43967353921bf6ceb"
    },
    {
      "id": "context-hygiene",
      "version": "0.0.1",
      "managed": false,
      "sha256": "b428fd0fa0927e343a28334268cfdd214602a7eba0ee27176ec3205e93ffb7ad",
      "source": "local",
      "artifacts_sha256": "f85d4575557544366e98ca4d2a468511ae370064048a8fecb1a89d44b7ba4117"
    },
    {
      "id": "git-safety",
      "version": "0.0.1",
      "managed": false,
      "sha256": "d5c9f5052cb7cda87d42c03b4cfa13e7635be542745e4b183ef87220da9e6749",
      "source": "local",
      "artifacts_sha256": "4560a72cb117582027f70a2b01130e89088e6fb4596c7230d5779940a5864deb"
    },
    {
      "id": "injection-defense",
      "version": "0.0.1",
      "managed": false,
      "sha256": "ff181c5171d6360b9add0ec8106189afc97675661899960512e708ea8496bc76",
      "source": "local",
      "artifacts_sha256": "c76a9bd12792ccecc411093054f16aac210953f3324b054586f3c8af3f7a0034"
    },
    {
      "id": "memory-discipline",
      "version": "0.0.1",
      "managed": false,
      "sha256": "8e410a79774cc33335242580a7acfae5164b043e596c560ed0ca4ec0abe88062",
      "source": "local",
      "artifacts_sha256": "1aafc65b5f94357a12c022f51ba34035444e28f85f5d5176cf3a78552565867b"
    },
    {
      "id": "minimal-content",
      "version": "0.0.1",
      "managed": false,
      "sha256": "0be9365f661d0a63e3b565a434ca9bd865818baecef425fbfe320cc77a6a2ce7",
      "source": "local",
      "artifacts_sha256": "318e534a8fbca46a300a7dc0d6ee0c3f2c5d9bbd5952999a188bf19ee092c29f"
    },
    {
      "id": "pin-github-actions",
      "version": "0.0.1",
      "managed": false,
      "sha256": "53677765d84916220ac717424bbdf9dce4089257bfc873a3ed354cdb38f7865c",
      "source": "local",
      "artifacts_sha256": "5a555c646bcb5ec19e9f607b2227c512fcd5a2f399915e2d6f72754fb5491e12"
    },
    {
      "id": "pre-generated-scripts",
      "version": "0.0.1",
      "managed": false,
      "sha256": "3605fe3806364cc16407d81c6522783ab855c950c630dd464b196067b7fce136",
      "source": "local",
      "artifacts_sha256": "36bb984d05a83a67c124d6c85c97de3fa35b362d3e3514dccb3a59f6f3436224"
    },
    {
      "id": "protect-agent-config",
      "version": "0.0.1",
      "managed": false,
      "sha256": "29c1a18fa1bd3ee2ab34a0ea1d1c07617a5841b8afbd65ad8704d31093c4fcc9",
      "source": "local",
      "artifacts_sha256": "0f26eedc043ac84f1ce6ddee47d257b8f9c283d105d116d4532ee3cf8d0d0f2d"
    },
    {
      "id": "protect-commit-privacy",
      "version": "0.0.1",
      "managed": false,
      "sha256": "22045da796ba466d8043b7d4322b6dbfdcc46e3fd9709221c505acdf24d08119",
      "source": "local",
      "artifacts_sha256": "bc816a321567a172180472a8e3d0b90461a22f5bde2a36892b257735ceaa6fa6"
    },
    {
      "id": "protect-main-branch",
      "version": "0.0.1",
      "managed": false,
      "sha256": "a0c154b0e2fc31a90f518419d29177a487702f881e7f0158e566271d5a8a61a8",
      "source": "local",
      "artifacts_sha256": "18bb4772936ece0e374fb48e1a09fdbf946fb82381ed30687c0bcc8a10d4643c"
    },
    {
      "id": "require-review-evidence",
      "version": "0.0.1",
      "managed": false,
      "sha256": "6746768db59903cf017c66799b68ca4290870655ab6ede665ef2fde035c87875",
      "source": "local",
      "artifacts_sha256": "6bab271e1984302fd4c659739aac6d0029f5f2215af90182d3d7cbb59984f9c8"
    },
    {
      "id": "scan-secrets",
      "version": "0.0.1",
      "managed": false,
      "sha256": "ac98dc12772df80b1133d262996d7e52b279281c1f1df2095693aceba58952ec",
      "source": "local",
      "artifacts_sha256": "592c913e0528b81cd8796bf03e23c0712e963d2c834e582f435cf60b0df6bfb7"
    },
    {
      "id": "test-integrity",
      "version": "0.0.1",
      "managed": false,
      "sha256": "c140c5ca23c3e9dde10712b889840ee9a4a1976f7cb328d088f8f781e03c274e",
      "source": "local",
      "artifacts_sha256": "c5d2e1f614b609c98c3da3c2e33beb9196beeacec4e3f7c7541f3bd1b08c1db4"
    },
    {
      "id": "token-efficiency",
      "version": "0.0.1",
      "managed": false,
      "sha256": "cea845541e17c74ce0ffe8fd269c1b00d649d96c61a0b504a185b7ed6e247b4e",
      "source": "local",
      "artifacts_sha256": "600d16af2a46cfa721808ab8c16bf2b5965e4f69c04a671e2a13084a9cf7f1c5"
    },
    {
      "id": "verify-dependency-exists",
      "version": "0.0.1",
      "managed": false,
      "sha256": "005680c3df7ab7272edf4e45d3ea1f56dec2fedd8a8f78b75b1555c8ccbe762b",
      "source": "local"
    },
    {
      "id": "verify-framework-conformance",
      "version": "0.0.1",
      "managed": false,
      "sha256": "d8d03b846cef3bcfc66ed036e3d69b3abd6762c1ff2f60b8ecc7c3d7da3e9609",
      "source": "local",
      "artifacts_sha256": "ea12f0f8a86bcab67484585b30d72226a6be554c4dc51a0e2f66d6c29d38d897"
    },
    {
      "id": "yagni",
      "version": "0.0.1",
      "managed": false,
      "sha256": "2546154d5eb24bbfa8510b69c809b19bb5546ae112bae29be2de26e492a42437",
      "source": "local",
      "artifacts_sha256": "80297724a9306b6a8a3278780a02e7bbdcb8dafd7b197e66fed8ba301ef090ab"
    }
  ]
}
