{
  "lockfile_version": "1",
  "engine": ">=0.1,<0.2",
  "packs": [
    {
      "id": "agent-discipline",
      "version": "0.0.1",
      "managed": false,
      "sha256": "ec930ee2abd4de6717bc0ff71ad22e9d54610970346a9e4ca6d617c1456da956",
      "source": "local",
      "artifacts_sha256": "df7dcb3f795b87fde8b0995eb1f84ed36620ccea56b5581be9deb40d7cb60e68"
    },
    {
      "id": "block-destructive-commands",
      "version": "0.0.1",
      "managed": false,
      "sha256": "7b571e9b8696697355b379d310aa4dd3525a5a230c477c16bb683aba19db71d9",
      "source": "local",
      "artifacts_sha256": "a0e8f4649a534679188e9e5dc465331036352753b9e473c19c6925aa123fe7ce"
    },
    {
      "id": "block-invisible-unicode",
      "version": "0.0.1",
      "managed": false,
      "sha256": "983a4528dee8b0c1d2779273f9ef2addc53d12f2729795e4a1ba78e561ac166f",
      "source": "local",
      "artifacts_sha256": "c1facf023eedad82a8ba80f1305fe7181fce15118fab0997e1e3c84e3ecdc16d"
    },
    {
      "id": "block-no-verify",
      "version": "0.0.1",
      "managed": false,
      "sha256": "775a05cc11450dbf4320fb7a8a8c4f30c856ff969e12b72e00c03e4a5b10f6e9",
      "source": "local",
      "artifacts_sha256": "a7f9f231d90199cfa70f4d7d3bbb867872f7406b5b9728ce3eaf05273f6fa8d8"
    },
    {
      "id": "block-wildcard-agent-permissions",
      "version": "0.0.1",
      "managed": false,
      "sha256": "898d2dd802941d09a775f5f00a2ea56543d85433bfcf3535a5563c06c8cb32e7",
      "source": "local",
      "artifacts_sha256": "393f17ade534f8d7116c6156fc20041d8a514f72f657465ea095359d88d1290d"
    },
    {
      "id": "code-safety",
      "version": "0.0.1",
      "managed": false,
      "sha256": "e2f96ed16c4e714fe7c062418953335f357025eda12ffc651c74554ed27dbc8c",
      "source": "local",
      "artifacts_sha256": "e94db722b253b96a68a6629fb822abc19ec7d8b465fc4bc43967353921bf6ceb"
    },
    {
      "id": "context-hygiene",
      "version": "0.0.1",
      "managed": false,
      "sha256": "b428fd0fa0927e343a28334268cfdd214602a7eba0ee27176ec3205e93ffb7ad",
      "source": "local",
      "artifacts_sha256": "f85d4575557544366e98ca4d2a468511ae370064048a8fecb1a89d44b7ba4117"
    },
    {
      "id": "git-safety",
      "version": "0.0.1",
      "managed": false,
      "sha256": "d5c9f5052cb7cda87d42c03b4cfa13e7635be542745e4b183ef87220da9e6749",
      "source": "local",
      "artifacts_sha256": "4560a72cb117582027f70a2b01130e89088e6fb4596c7230d5779940a5864deb"
    },
    {
      "id": "injection-defense",
      "version": "0.0.1",
      "managed": false,
      "sha256": "ff181c5171d6360b9add0ec8106189afc97675661899960512e708ea8496bc76",
      "source": "local",
      "artifacts_sha256": "c76a9bd12792ccecc411093054f16aac210953f3324b054586f3c8af3f7a0034"
    },
    {
      "id": "memory-discipline",
      "version": "0.0.1",
      "managed": false,
      "sha256": "8e410a79774cc33335242580a7acfae5164b043e596c560ed0ca4ec0abe88062",
      "source": "local",
      "artifacts_sha256": "1aafc65b5f94357a12c022f51ba34035444e28f85f5d5176cf3a78552565867b"
    },
    {
      "id": "minimal-content",
      "version": "0.0.1",
      "managed": false,
      "sha256": "0be9365f661d0a63e3b565a434ca9bd865818baecef425fbfe320cc77a6a2ce7",
      "source": "local",
      "artifacts_sha256": "318e534a8fbca46a300a7dc0d6ee0c3f2c5d9bbd5952999a188bf19ee092c29f"
    },
    {
      "id": "pin-github-actions",
      "version": "0.0.1",
      "managed": false,
      "sha256": "70ac075941841e3c8f9b49a99f44b61ca7e7e8fec87b221cf97a46b4a09b599e",
      "source": "local",
      "artifacts_sha256": "a33f59a73ab35f1f0eea61f83b20aedd01992e740dbc3fdc539a844bd7289a35"
    },
    {
      "id": "pre-generated-scripts",
      "version": "0.0.1",
      "managed": false,
      "sha256": "3605fe3806364cc16407d81c6522783ab855c950c630dd464b196067b7fce136",
      "source": "local",
      "artifacts_sha256": "36bb984d05a83a67c124d6c85c97de3fa35b362d3e3514dccb3a59f6f3436224"
    },
    {
      "id": "protect-agent-config",
      "version": "0.0.1",
      "managed": false,
      "sha256": "1038054491c268d0d29fbb5c0b7ccc65b3922e0f5d075293861112c3d6f6a2aa",
      "source": "local",
      "artifacts_sha256": "1c0ff90bc064dec5020334067a1e3d12b0c9863556a4376df4a4e3156a35caea"
    },
    {
      "id": "protect-commit-privacy",
      "version": "0.0.1",
      "managed": false,
      "sha256": "3616df348241bb3f780adc15c6ce4f44b3f066cb0bdcc0243013b2b599e60517",
      "source": "local",
      "artifacts_sha256": "665406f2237cdaac186f229005504d9611aade4dad8946d124a8d6221601592b"
    },
    {
      "id": "protect-main-branch",
      "version": "0.0.1",
      "managed": false,
      "sha256": "316bd80a2fdbeb098f8477503af8c9e0977cf11be4e32572d87014ef062e055d",
      "source": "local",
      "artifacts_sha256": "18bb4772936ece0e374fb48e1a09fdbf946fb82381ed30687c0bcc8a10d4643c"
    },
    {
      "id": "require-review-evidence",
      "version": "0.0.1",
      "managed": false,
      "sha256": "6746768db59903cf017c66799b68ca4290870655ab6ede665ef2fde035c87875",
      "source": "local",
      "artifacts_sha256": "6bab271e1984302fd4c659739aac6d0029f5f2215af90182d3d7cbb59984f9c8"
    },
    {
      "id": "scan-secrets",
      "version": "0.0.1",
      "managed": false,
      "sha256": "655f0e19f40c2e31997b23fa2687a041c68649a9567178515e9373091e01d570",
      "source": "local",
      "artifacts_sha256": "5166c048549ad13fd6b63ef7a65bcf1a1975cc5154a872b242c9fdfaef3b09b4"
    },
    {
      "id": "test-integrity",
      "version": "0.0.1",
      "managed": false,
      "sha256": "c140c5ca23c3e9dde10712b889840ee9a4a1976f7cb328d088f8f781e03c274e",
      "source": "local",
      "artifacts_sha256": "c5e8de5994b7c5a044203babbca3db334500cab99e66ac409ba07daa5baf51a6"
    },
    {
      "id": "token-efficiency",
      "version": "0.0.1",
      "managed": false,
      "sha256": "97c72ed40896f500d7f3ff14d94fd8fbdfca796319bc3b2dcbfa35cb95ccb7fc",
      "source": "local",
      "artifacts_sha256": "0a8e53b16fa7170987065591572186a4c9240654edbeca5b6eefb66f820de7bc"
    },
    {
      "id": "verify-dependency-exists",
      "version": "0.0.1",
      "managed": false,
      "sha256": "805409b7d5a018fd49a949ee524e3f2706b5c30804b6ad62587e2ecccb48dd87",
      "source": "local"
    },
    {
      "id": "verify-framework-conformance",
      "version": "0.0.1",
      "managed": false,
      "sha256": "d8d03b846cef3bcfc66ed036e3d69b3abd6762c1ff2f60b8ecc7c3d7da3e9609",
      "source": "local",
      "artifacts_sha256": "ea12f0f8a86bcab67484585b30d72226a6be554c4dc51a0e2f66d6c29d38d897"
    },
    {
      "id": "yagni",
      "version": "0.0.1",
      "managed": false,
      "sha256": "2546154d5eb24bbfa8510b69c809b19bb5546ae112bae29be2de26e492a42437",
      "source": "local",
      "artifacts_sha256": "80297724a9306b6a8a3278780a02e7bbdcb8dafd7b197e66fed8ba301ef090ab"
    }
  ]
}
