{
  "lockfile_version": "1",
  "engine": ">=0.1,<0.2",
  "packs": [
    {
      "id": "agent-discipline",
      "version": "0.0.1",
      "managed": false,
      "sha256": "e4aeb77f57bd6796fe3ea825f0b9225f6e9f0725513ef19edb8b8742e776839b",
      "source": "local",
      "artifacts_sha256": "36d131cd7df7edbcd57a0e117de79fa144a2bd1fb10b95edcc3c0404ba9533d4"
    },
    {
      "id": "block-destructive-commands",
      "version": "0.0.1",
      "managed": false,
      "sha256": "8e6ec1154f58514510a98f5bb4bac43e57efce42ddc142ed4ace84351554c297",
      "source": "local",
      "artifacts_sha256": "07d54a6e496481cb0dbf109e460c2c7c40dbdd007f6f78794e953ed0bc1c00ff"
    },
    {
      "id": "block-invisible-unicode",
      "version": "0.0.1",
      "managed": false,
      "sha256": "e07ce120a4d2dfc2d8dcacd9096a318a271a47d421bcbdff0168dc87ce82aa51",
      "source": "local",
      "artifacts_sha256": "70cf827a82e1bac2b5498638c7ba1023885ced312bf0e723f7273f333c684efe"
    },
    {
      "id": "block-no-verify",
      "version": "0.0.1",
      "managed": false,
      "sha256": "fc992b914b8176a0086702aee21be66bef38a62f697b6dfd4e85c49f06a9a5c4",
      "source": "local",
      "artifacts_sha256": "0578183c1d506f90a816a2b85c883ac180454f210d9c1f68e1ae854dfed816a2"
    },
    {
      "id": "block-wildcard-agent-permissions",
      "version": "0.0.1",
      "managed": false,
      "sha256": "24fffecfe7e9bc5ae1a41360aabc8e570c0a8c9ca8ce65c87a711f6e543067f0",
      "source": "local",
      "artifacts_sha256": "ddd945c816d02f55c9666fbbb1aece36491c92168f58ff4f4c2aed01a5f9ad72"
    },
    {
      "id": "code-safety",
      "version": "0.0.1",
      "managed": false,
      "sha256": "b7f456c5f8c271402557912319a82c712640ee614029b5d4cbdbf14770628141",
      "source": "local",
      "artifacts_sha256": "ee9959b8e6478f2c6ea47a8143211dce7fb6894674fbc37fea92ee04db5f91e8"
    },
    {
      "id": "context-hygiene",
      "version": "0.0.1",
      "managed": false,
      "sha256": "b428fd0fa0927e343a28334268cfdd214602a7eba0ee27176ec3205e93ffb7ad",
      "source": "local",
      "artifacts_sha256": "f85d4575557544366e98ca4d2a468511ae370064048a8fecb1a89d44b7ba4117"
    },
    {
      "id": "git-safety",
      "version": "0.0.1",
      "managed": false,
      "sha256": "7c12f33d9fcaa7d9b5dc5bec4876c51da11893019e4fdfc82c821f6ab385cb69",
      "source": "local",
      "artifacts_sha256": "e1660f2d351f13203fa59f6d1a40d6eb8f2b6af0f93af5cb090512bedfa975e3"
    },
    {
      "id": "injection-defense",
      "version": "0.0.1",
      "managed": false,
      "sha256": "79fc6f98c1aeeed63193932b2c17d11590de7a76d9c5b9a295b43e7caccbdd7c",
      "source": "local",
      "artifacts_sha256": "c76a9bd12792ccecc411093054f16aac210953f3324b054586f3c8af3f7a0034"
    },
    {
      "id": "memory-discipline",
      "version": "0.0.1",
      "managed": false,
      "sha256": "dcd3d914a0b51da011b7968ba8ea0ccde914c4afd2ff4067f434c859c7a60ffe",
      "source": "local",
      "artifacts_sha256": "2b08e1876e9536a5ffdda1c671fc9908fc967f5c790a6b03f96d4e580483b533"
    },
    {
      "id": "minimal-content",
      "version": "0.0.1",
      "managed": false,
      "sha256": "fb0c85788ef4d636929d3078687f5bef6422b0c4f6ffc7e37f81d48940a3cc67",
      "source": "local",
      "artifacts_sha256": "318e534a8fbca46a300a7dc0d6ee0c3f2c5d9bbd5952999a188bf19ee092c29f"
    },
    {
      "id": "pre-generated-scripts",
      "version": "0.0.1",
      "managed": false,
      "sha256": "8ef162f09f2d3ee521ce78976d4f31bfc9560a57933892c3dd5a4033f7242cbb",
      "source": "local",
      "artifacts_sha256": "36bb984d05a83a67c124d6c85c97de3fa35b362d3e3514dccb3a59f6f3436224"
    },
    {
      "id": "protect-agent-config",
      "version": "0.0.1",
      "managed": false,
      "sha256": "b98d5472c534d381b87e253086642675c71ce3947e2cfe01ed9fec5ed8b66295",
      "source": "local",
      "artifacts_sha256": "88a50994c1577b892616f9e8aba9a7507dd02e097117f77fbabc4435b6be67ae"
    },
    {
      "id": "protect-commit-privacy",
      "version": "0.0.1",
      "managed": false,
      "sha256": "281522db2b259ea9a12d76b30d57ed9993882089b04a1fb4ce9932bc15a3388f",
      "source": "local",
      "artifacts_sha256": "219cfc850dce1cbba0e9ceab6a910dcab7be6345ae3a642b6dabf661dbe5d08b"
    },
    {
      "id": "protect-main-branch",
      "version": "0.0.1",
      "managed": false,
      "sha256": "b84a9f0a9ffe6983fe93164f215cdd5490b1157ad26bdcf1eafad1dda06e9e3f",
      "source": "local",
      "artifacts_sha256": "18bb4772936ece0e374fb48e1a09fdbf946fb82381ed30687c0bcc8a10d4643c"
    },
    {
      "id": "scan-secrets",
      "version": "0.0.1",
      "managed": false,
      "sha256": "4bbd17f1f0a4b132347244b200664d359bde7ff21e06accba4595f3287b9fd40",
      "source": "local",
      "artifacts_sha256": "cd7df13ded59738cd76aa24c19ec0600ca6847be5614536ec4c39f886f4f6e58"
    },
    {
      "id": "token-efficiency",
      "version": "0.0.1",
      "managed": false,
      "sha256": "9348dbabfdd087efa3f8993c06878d9fe0673ef61563d05c19c41e9386a96d9e",
      "source": "local",
      "artifacts_sha256": "0511b29645130a4e9e6819b6e0c7a75953d616b7624e90d3d5639a0d429d5e9d"
    },
    {
      "id": "verify-dependency-exists",
      "version": "0.0.1",
      "managed": false,
      "sha256": "28f20995803a3b407a8ae6f19bde45076a9d42e287fd86bc368fcf5263d187d7",
      "source": "local"
    },
    {
      "id": "verify-framework-conformance",
      "version": "0.0.1",
      "managed": false,
      "sha256": "bc9485ae9be6998577a80c4645c945e6ceebf2772a8f496f1259ba9dc6b0e869",
      "source": "local",
      "artifacts_sha256": "ea12f0f8a86bcab67484585b30d72226a6be554c4dc51a0e2f66d6c29d38d897"
    },
    {
      "id": "yagni",
      "version": "0.0.1",
      "managed": false,
      "sha256": "bda182f5bc33516c0bfd30c5bde51df93086fa5d6fad6b73abdcbbf65d808de4",
      "source": "local",
      "artifacts_sha256": "80297724a9306b6a8a3278780a02e7bbdcb8dafd7b197e66fed8ba301ef090ab"
    }
  ]
}
